
Microsoft Visual Studio Solution File, Format Version 12.00
# Visual Studio 15
VisualStudioVersion = 15.0.27428.2037
MinimumVisualStudioVersion = 10.0.40219.1
Project("{FAE04EC0-301F-11D3-BF4B-00C04F79EFBC}") = "Hata_Yonetimleri_3", "Hata_Yonetimleri_3\Hata_Yonetimleri_3.csproj", "{DDFC9A90-40DF-4347-8658-DE5A64CD3B07}"
EndProject
Global
	GlobalSection(SolutionConfigurationPlatforms) = preSolution
		Debug|Any CPU = Debug|Any CPU
		Release|Any CPU = Release|Any CPU
	EndGlobalSection
	GlobalSection(ProjectConfigurationPlatforms) = postSolution
		{DDFC9A90-40DF-4347-8658-DE5A64CD3B07}.Debug|Any CPU.ActiveCfg = Debug|Any CPU
		{DDFC9A90-40DF-4347-8658-DE5A64CD3B07}.Debug|Any CPU.Build.0 = Debug|Any CPU
		{DDFC9A90-40DF-4347-8658-DE5A64CD3B07}.Release|Any CPU.ActiveCfg = Release|Any CPU
		{DDFC9A90-40DF-4347-8658-DE5A64CD3B07}.Release|Any CPU.Build.0 = Release|Any CPU
	EndGlobalSection
	GlobalSection(SolutionProperties) = preSolution
		HideSolutionNode = FALSE
	EndGlobalSection
	GlobalSection(ExtensibilityGlobals) = postSolution
		SolutionGuid = {7978CFB3-F918-444C-9FBF-1AC08ADC6544}
	EndGlobalSection
EndGlobal
